github.com/cheatsnake/gtl v0.0.0-20241120173539-6ecdd20ceccd h1:+i6WJ9WZb2PnVITXRQvOqF6llQz5nYsOoOGJKlc8SlQ=
github.com/cheatsnake/gtl v0.0.0-20241120173539-6ecdd20ceccd/go.mod h1:nlo7U7xFSY9tQ7dm7e8v51UZ1E9A7qIAp0nghMdp8B8=
github.com/google/uuid v1.6.0 h1:NIvaJDMOsjHA8n1jAhLSgzrAzy1Hgr+hNrb57e+94F0=
github.com/google/uuid v1.6.0/go.mod h1:TIyPZe4MgqvfeYDBFedMoGGpEw/LqOeaOT+nhxU+yHo=
github.com/prometheus-community/pro-bing v0.8.0 h1:CEY/g1/AgERRDjxw5P32ikcOgmrSuXs7xon7ovx6mNc=
github.com/prometheus-community/pro-bing v0.8.0/go.mod h1:Idyxz8raDO6TgkUN6ByiEGvWJNyQd40kN9ZUeho3lN0=
golang.org/x/net v0.52.0 h1:He/TN1l0e4mmR3QqHMT2Xab3Aj3L9qjbhRm78/6jrW0=
golang.org/x/net v0.52.0/go.mod h1:R1MAz7uMZxVMualyPXb+VaqGSa3LIaUqk0eEt3w36Sw=
golang.org/x/sync v0.19.0 h1:vV+1eWNmZ5geRlYjzm2adRgW2/mcpevXNg50YZtPCE4=
golang.org/x/sync v0.19.0/go.mod h1:9KTHXmSnoGruLpwFjVSX0lNNA75CykiMECbovNTZqGI=
golang.org/x/sys v0.42.0 h1:omrd2nAlyT5ESRdCLYdm3+fMfNFE/+Rf4bDIQImRJeo=
golang.org/x/sys v0.42.0/go.mod h1:4GL1E5IUh+htKOUEOaiffhrAeqysfVGipDYzABqnCmw=
